
Microsoft Visual Studio Solution File, Format Version 12.00
# Visual Studio 2012
Project("{F184B08F-C81C-45F6-A57F-5ABD9991F28F}") = "Punto de Venta", "Punto de Venta\Punto de Venta.vbproj", "{A5E86FB8-3487-4AC7-8672-0E2B6F0AD17E}"
EndProject
Global
	GlobalSection(SolutionConfigurationPlatforms) = preSolution
		Debug|Any CPU = Debug|Any CPU
		Release|Any CPU = Release|Any CPU
	EndGlobalSection
	GlobalSection(ProjectConfigurationPlatforms) = postSolution
		{A5E86FB8-3487-4AC7-8672-0E2B6F0AD17E}.Debug|Any CPU.ActiveCfg = Debug|Any CPU
		{A5E86FB8-3487-4AC7-8672-0E2B6F0AD17E}.Debug|Any CPU.Build.0 = Debug|Any CPU
		{A5E86FB8-3487-4AC7-8672-0E2B6F0AD17E}.Release|Any CPU.ActiveCfg = Release|Any CPU
		{A5E86FB8-3487-4AC7-8672-0E2B6F0AD17E}.Release|Any CPU.Build.0 = Release|Any CPU
	EndGlobalSection
	GlobalSection(SolutionProperties) = preSolution
		HideSolutionNode = FALSE
	EndGlobalSection
EndGlobal
